
Microsoft Visual Studio Solution File, Format Version 12.00
# Visual Studio Version 17
VisualStudioVersion = 17.14.36511.14 d17.14
MinimumVisualStudioVersion = 10.0.40219.1
Project("{FAE04EC0-301F-11D3-BF4B-00C04F79EFBC}") = "CodeFirst", "CodeFirst\CodeFirst.csproj", "{12F058F1-4346-4977-BD16-1E254D2A47DB}"
EndProject
Global
	GlobalSection(SolutionConfigurationPlatforms) = preSolution
		Debug|Any CPU = Debug|Any CPU
		Release|Any CPU = Release|Any CPU
	EndGlobalSection
	GlobalSection(ProjectConfigurationPlatforms) = postSolution
		{12F058F1-4346-4977-BD16-1E254D2A47DB}.Debug|Any CPU.ActiveCfg = Debug|Any CPU
		{12F058F1-4346-4977-BD16-1E254D2A47DB}.Debug|Any CPU.Build.0 = Debug|Any CPU
		{12F058F1-4346-4977-BD16-1E254D2A47DB}.Release|Any CPU.ActiveCfg = Release|Any CPU
		{12F058F1-4346-4977-BD16-1E254D2A47DB}.Release|Any CPU.Build.0 = Release|Any CPU
	EndGlobalSection
	GlobalSection(SolutionProperties) = preSolution
		HideSolutionNode = FALSE
	EndGlobalSection
	GlobalSection(ExtensibilityGlobals) = postSolution
		SolutionGuid = {F1627BC7-2A50-474D-B44D-07C48A19A242}
	EndGlobalSection
EndGlobal
